{
  "name": "@mraubo/ai-toolkit",
  "version": "0.0.1",
  "lockfileVersion": 3,
  "requires": true,
  "packages": {
    "": {
      "name": "@mraubo/ai-toolkit",
      "version": "0.0.1",
      "license": "MIT",
      "bin": {
        "ai-toolkit": "bin/cli.js"
      },
      "engines": {
        "node": ">=20"
      }
    }
  }
}
